
Microsoft Visual Studio Solution File, Format Version 12.00
# Visual Studio Version 17
VisualStudioVersion = 17.13.35931.197
MinimumVisualStudioVersion = 10.0.40219.1
Project("{8BC9CEB8-8B4A-11D0-8D11-00A0C91BC942}") = "Sandbox", "Sandbox\Sandbox.vcxproj", "{669DF5C9-337F-4066-9163-673229685964}"
EndProject
Project("{8BC9CEB8-8B4A-11D0-8D11-00A0C91BC942}") = "game_engine", "game_engine\game_engine.vcxproj", "{A26A47E0-873A-409C-820C-246733BBDD9E}"
EndProject
Global
	GlobalSection(SolutionConfigurationPlatforms) = preSolution
		Debug|x64 = Debug|x64
		Release|x64 = Release|x64
	EndGlobalSection
	GlobalSection(ProjectConfigurationPlatforms) = postSolution
		{A26A47E0-873A-409C-820C-246733BBDD9E}.Debug|x64.ActiveCfg = Debug|x64
		{A26A47E0-873A-409C-820C-246733BBDD9E}.Debug|x64.Build.0 = Debug|x64
		{A26A47E0-873A-409C-820C-246733BBDD9E}.Release|x64.ActiveCfg = Release|x64
		{A26A47E0-873A-409C-820C-246733BBDD9E}.Release|x64.Build.0 = Release|x64
		{669DF5C9-337F-4066-9163-673229685964}.Debug|x64.ActiveCfg = Debug|x64
		{669DF5C9-337F-4066-9163-673229685964}.Debug|x64.Build.0 = Debug|x64
		{669DF5C9-337F-4066-9163-673229685964}.Release|x64.ActiveCfg = Release|x64
		{669DF5C9-337F-4066-9163-673229685964}.Release|x64.Build.0 = Release|x64
	EndGlobalSection
	GlobalSection(SolutionProperties) = preSolution
		HideSolutionNode = FALSE
	EndGlobalSection
	GlobalSection(ExtensibilityGlobals) = postSolution
		SolutionGuid = {981BCFDF-7987-4A7A-ABEF-DFBD2E4D29B5}
	EndGlobalSection
EndGlobal
